
Microsoft Visual Studio Solution File, Format Version 12.00
# Visual Studio Version 17
VisualStudioVersion = 17.14.36212.18
MinimumVisualStudioVersion = 10.0.40219.1
Project("{FAE04EC0-301F-11D3-BF4B-00C04F79EFBC}") = "AlignTech.WebAPI.Day1", "AlignTech.WebAPI.Day1\AlignTech.WebAPI.Day1.csproj", "{B6535C5D-4F9F-4280-96E0-6D4C21811245}"
EndProject
Project("{FAE04EC0-301F-11D3-BF4B-00C04F79EFBC}") = "AlignTech.WebAPI.DataFirst", "AlignTech.WebAPI.DataFirst\AlignTech.WebAPI.DataFirst.csproj", "{FBBE579D-B7F4-4EAE-B99A-5FDDCCD27D12}"
EndProject
Project("{FAE04EC0-301F-11D3-BF4B-00C04F79EFBC}") = "DemoDataFirst.MVC", "DemoDataFirst.MVC\DemoDataFirst.MVC.csproj", "{BAF3C55E-EF22-434D-B2C7-03AF3E41B01A}"
EndProject
Project("{FAE04EC0-301F-11D3-BF4B-00C04F79EFBC}") = "DemoFilters", "DemoFilters\DemoFilters.csproj", "{B2EF8C8B-EF3C-49DF-9FBE-B5DD9530E4BE}"
EndProject
Global
	GlobalSection(SolutionConfigurationPlatforms) = preSolution
		Debug|Any CPU = Debug|Any CPU
		Release|Any CPU = Release|Any CPU
	EndGlobalSection
	GlobalSection(ProjectConfigurationPlatforms) = postSolution
		{B6535C5D-4F9F-4280-96E0-6D4C21811245}.Debug|Any CPU.ActiveCfg = Debug|Any CPU
		{B6535C5D-4F9F-4280-96E0-6D4C21811245}.Debug|Any CPU.Build.0 = Debug|Any CPU
		{B6535C5D-4F9F-4280-96E0-6D4C21811245}.Release|Any CPU.ActiveCfg = Release|Any CPU
		{B6535C5D-4F9F-4280-96E0-6D4C21811245}.Release|Any CPU.Build.0 = Release|Any CPU
		{FBBE579D-B7F4-4EAE-B99A-5FDDCCD27D12}.Debug|Any CPU.ActiveCfg = Debug|Any CPU
		{FBBE579D-B7F4-4EAE-B99A-5FDDCCD27D12}.Debug|Any CPU.Build.0 = Debug|Any CPU
		{FBBE579D-B7F4-4EAE-B99A-5FDDCCD27D12}.Release|Any CPU.ActiveCfg = Release|Any CPU
		{FBBE579D-B7F4-4EAE-B99A-5FDDCCD27D12}.Release|Any CPU.Build.0 = Release|Any CPU
		{BAF3C55E-EF22-434D-B2C7-03AF3E41B01A}.Debug|Any CPU.ActiveCfg = Debug|Any CPU
		{BAF3C55E-EF22-434D-B2C7-03AF3E41B01A}.Debug|Any CPU.Build.0 = Debug|Any CPU
		{BAF3C55E-EF22-434D-B2C7-03AF3E41B01A}.Release|Any CPU.ActiveCfg = Release|Any CPU
		{BAF3C55E-EF22-434D-B2C7-03AF3E41B01A}.Release|Any CPU.Build.0 = Release|Any CPU
		{B2EF8C8B-EF3C-49DF-9FBE-B5DD9530E4BE}.Debug|Any CPU.ActiveCfg = Debug|Any CPU
		{B2EF8C8B-EF3C-49DF-9FBE-B5DD9530E4BE}.Debug|Any CPU.Build.0 = Debug|Any CPU
		{B2EF8C8B-EF3C-49DF-9FBE-B5DD9530E4BE}.Release|Any CPU.ActiveCfg = Release|Any CPU
		{B2EF8C8B-EF3C-49DF-9FBE-B5DD9530E4BE}.Release|Any CPU.Build.0 = Release|Any CPU
	EndGlobalSection
	GlobalSection(SolutionProperties) = preSolution
		HideSolutionNode = FALSE
	EndGlobalSection
	GlobalSection(ExtensibilityGlobals) = postSolution
		SolutionGuid = {8047D205-04A2-4FE0-BA9A-A06C531C32E6}
	EndGlobalSection
EndGlobal
